// !$*UTF8*$!
{
	archiveVersion = 1;
	classes = {
	};
	objectVersion = 77;
	objects = {

/* Begin PBXBuildFile section */
		4A9D7F5D3567C41000A4B221 /* AppIntents.framework in Frameworks */ = {isa = PBXBuildFile; fileRef = 4A9D7F5C3567C41000A4B221 /* AppIntents.framework */; };
		5F3655472F65A05C00329A7D /* Highlightr in Frameworks */ = {isa = PBXBuildFile; productRef = 5F3655462F65A05C00329A7D /* Highlightr */; };
		5F64DF532F5F0C5900608D26 /* KeyboardShortcuts in Frameworks */ = {isa = PBXBuildFile; productRef = 5F64DF522F5F0C5900608D26 /* KeyboardShortcuts */; };
		5F8339202F8DA11100CC4001 /* AppPreferencesStore.swift in Sources */ = {isa = PBXBuildFile; fileRef = 5F83391E2F8DA11100CC4001 /* AppPreferencesStore.swift */; };
		5F8339212F8DA11100CC4001 /* OnboardingViewModel.swift in Sources */ = {isa = PBXBuildFile; fileRef = 5F83391F2F8DA11100CC4001 /* OnboardingViewModel.swift */; };
		5FBF2F2C2F5F0F2700EB1ED9 /* KeyboardShortcuts+Extensions.swift in Sources */ = {isa = PBXBuildFile; fileRef = 5FBF2F1F2F5F0F2700EB1ED9 /* KeyboardShortcuts+Extensions.swift */; };
		6A1C7B0F34D24A8A00A1B2C3 /* Sparkle in Frameworks */ = {isa = PBXBuildFile; productRef = 6A1C7B0E34D24A8A00A1B2C3 /* Sparkle */; };
/* End PBXBuildFile section */

/* Begin PBXFileReference section */
		4A9D7F5C3567C41000A4B221 /* AppIntents.framework */ = {isa = PBXFileReference; lastKnownFileType = wrapper.framework; name = AppIntents.framework; path = System/Library/Frameworks/AppIntents.framework; sourceTree = SDKROOT; };
		5F64DF302F5F09EF00608D26 /* Clipaste.app */ = {isa = PBXFileReference; explicitFileType = wrapper.application; includeInIndex = 0; path = Clipaste.app; sourceTree = BUILT_PRODUCTS_DIR; };
		5F83391E2F8DA11100CC4001 /* AppPreferencesStore.swift */ = {isa = PBXFileReference; lastKnownFileType = sourcecode.swift; path = AppPreferencesStore.swift; sourceTree = "<group>"; };
		5F83391F2F8DA11100CC4001 /* OnboardingViewModel.swift */ = {isa = PBXFileReference; lastKnownFileType = sourcecode.swift; path = OnboardingViewModel.swift; sourceTree = "<group>"; };
		5FBF2F1F2F5F0F2700EB1ED9 /* KeyboardShortcuts+Extensions.swift */ = {isa = PBXFileReference; lastKnownFileType = sourcecode.swift; path = "KeyboardShortcuts+Extensions.swift"; sourceTree = "<group>"; };
/* End PBXFileReference section */

/* Begin PBXFileSystemSynchronizedRootGroup section */
		5F64DF322F5F09EF00608D26 /* clipaste */ = {
			isa = PBXFileSystemSynchronizedRootGroup;
			path = clipaste;
			sourceTree = "<group>";
		};
/* End PBXFileSystemSynchronizedRootGroup section */

/* Begin PBXFrameworksBuildPhase section */
		5F64DF2D2F5F09EF00608D26 /* Frameworks */ = {
			isa = PBXFrameworksBuildPhase;
			buildActionMask = 2147483647;
			files = (
				4A9D7F5D3567C41000A4B221 /* AppIntents.framework in Frameworks */,
				6A1C7B0F34D24A8A00A1B2C3 /* Sparkle in Frameworks */,
				5F3655472F65A05C00329A7D /* Highlightr in Frameworks */,
				5F64DF532F5F0C5900608D26 /* KeyboardShortcuts in Frameworks */,
			);
			runOnlyForDeploymentPostprocessing = 0;
		};
/* End PBXFrameworksBuildPhase section */

/* Begin PBXGroup section */
		5F64DF272F5F09EF00608D26 = {
			isa = PBXGroup;
			children = (
				5FBF2F202F5F0F2700EB1ED9 /* Extensions */,
				5FBF2F222F5F0F2700EB1ED9 /* ViewModels */,
				5FBF2F272F5F0F2700EB1ED9 /* Views */,
				5F64DF322F5F09EF00608D26 /* clipaste */,
				5F64DF312F5F09EF00608D26 /* Products */,
				5FE11B872F8D36DE00D2943E /* Recovered References */,
			);
			sourceTree = "<group>";
		};
		5F64DF312F5F09EF00608D26 /* Products */ = {
			isa = PBXGroup;
			children = (
				5F64DF302F5F09EF00608D26 /* Clipaste.app */,
			);
			name = Products;
			sourceTree = "<group>";
		};
		5FBF2F202F5F0F2700EB1ED9 /* Extensions */ = {
			isa = PBXGroup;
			children = (
				5FBF2F1F2F5F0F2700EB1ED9 /* KeyboardShortcuts+Extensions.swift */,
			);
			path = Extensions;
			sourceTree = "<group>";
		};
		5FBF2F222F5F0F2700EB1ED9 /* ViewModels */ = {
			isa = PBXGroup;
			children = (
				5F83391E2F8DA11100CC4001 /* AppPreferencesStore.swift */,
				5F83391F2F8DA11100CC4001 /* OnboardingViewModel.swift */,
			);
			path = ViewModels;
			sourceTree = "<group>";
		};
		5FBF2F272F5F0F2700EB1ED9 /* Views */ = {
			isa = PBXGroup;
			children = (
			);
			path = Views;
			sourceTree = "<group>";
		};
		5FE11B872F8D36DE00D2943E /* Recovered References */ = {
			isa = PBXGroup;
			children = (
				4A9D7F5C3567C41000A4B221 /* AppIntents.framework */,
			);
			name = "Recovered References";
			sourceTree = "<group>";
		};
/* End PBXGroup section */

/* Begin PBXNativeTarget section */
		5F64DF2F2F5F09EF00608D26 /* Clipaste */ = {
			isa = PBXNativeTarget;
			buildConfigurationList = 5F64DF3D2F5F09F000608D26 /* Build configuration list for PBXNativeTarget "Clipaste" */;
			buildPhases = (
				5F64DF2C2F5F09EF00608D26 /* Sources */,
				5F64DF2D2F5F09EF00608D26 /* Frameworks */,
				5F64DF2E2F5F09EF00608D26 /* Resources */,
			);
			buildRules = (
			);
			dependencies = (
			);
			fileSystemSynchronizedGroups = (
				5F64DF322F5F09EF00608D26 /* clipaste */,
			);
			name = Clipaste;
			packageProductDependencies = (
				5F64DF522F5F0C5900608D26 /* KeyboardShortcuts */,
				5F3655462F65A05C00329A7D /* Highlightr */,
				6A1C7B0E34D24A8A00A1B2C3 /* Sparkle */,
			);
			productName = clipaste;
			productReference = 5F64DF302F5F09EF00608D26 /* Clipaste.app */;
			productType = "com.apple.product-type.application";
		};
/* End PBXNativeTarget section */

/* Begin PBXProject section */
		5F64DF282F5F09EF00608D26 /* Project object */ = {
			isa = PBXProject;
			attributes = {
				BuildIndependentTargetsInParallel = 1;
				LastSwiftUpdateCheck = 2630;
				LastUpgradeCheck = 2640;
				TargetAttributes = {
					5F64DF2F2F5F09EF00608D26 = {
						CreatedOnToolsVersion = 26.3;
					};
				};
			};
			buildConfigurationList = 5F64DF2B2F5F09EF00608D26 /* Build configuration list for PBXProject "clipaste" */;
			developmentRegion = en;
			hasScannedForEncodings = 0;
			knownRegions = (
				en,
				de,
				fr,
				ja,
				ko,
				"zh-Hans",
				"zh-Hant",
				Base,
			);
			mainGroup = 5F64DF272F5F09EF00608D26;
			minimizedProjectReferenceProxies = 1;
			packageReferences = (
				5F64DF512F5F0C5900608D26 /* XCRemoteSwiftPackageReference "KeyboardShortcuts" */,
				5F3655452F65A05C00329A7D /* XCRemoteSwiftPackageReference "Highlightr" */,
				6A1C7B0D34D24A8A00A1B2C3 /* XCRemoteSwiftPackageReference "Sparkle" */,
			);
			preferredProjectObjectVersion = 77;
			productRefGroup = 5F64DF312F5F09EF00608D26 /* Products */;
			projectDirPath = "";
			projectRoot = "";
			targets = (
				5F64DF2F2F5F09EF00608D26 /* Clipaste */,
			);
		};
/* End PBXProject section */

/* Begin PBXResourcesBuildPhase section */
		5F64DF2E2F5F09EF00608D26 /* Resources */ = {
			isa = PBXResourcesBuildPhase;
			buildActionMask = 2147483647;
			files = (
			);
			runOnlyForDeploymentPostprocessing = 0;
		};
/* End PBXResourcesBuildPhase section */

/* Begin PBXSourcesBuildPhase section */
		5F64DF2C2F5F09EF00608D26 /* Sources */ = {
			isa = PBXSourcesBuildPhase;
			buildActionMask = 2147483647;
			files = (
				5F8339202F8DA11100CC4001 /* AppPreferencesStore.swift in Sources */,
				5F8339212F8DA11100CC4001 /* OnboardingViewModel.swift in Sources */,
				5FBF2F2C2F5F0F2700EB1ED9 /* KeyboardShortcuts+Extensions.swift in Sources */,
			);
			runOnlyForDeploymentPostprocessing = 0;
		};
/* End PBXSourcesBuildPhase section */

/* Begin XCBuildConfiguration section */
		5F64DF3B2F5F09F000608D26 /* Debug */ = {
			isa = XCBuildConfiguration;
			buildSettings = {
				ALWAYS_SEARCH_USER_PATHS = NO;
				ASSETCATALOG_COMPILER_GENERATE_SWIFT_ASSET_SYMBOL_EXTENSIONS = YES;
				CLANG_ANALYZER_LOCALIZABILITY_NONLOCALIZED = YES;
				CLANG_ANALYZER_NONNULL = YES;
				CLANG_ANALYZER_NUMBER_OBJECT_CONVERSION = YES_AGGRESSIVE;
				CLANG_CXX_LANGUAGE_STANDARD = "gnu++20";
				CLANG_ENABLE_MODULES = YES;
				CLANG_ENABLE_OBJC_ARC = YES;
				CLANG_ENABLE_OBJC_WEAK = YES;
				CLANG_WARN_BLOCK_CAPTURE_AUTORELEASING = YES;
				CLANG_WARN_BOOL_CONVERSION = YES;
				CLANG_WARN_COMMA = YES;
				CLANG_WARN_CONSTANT_CONVERSION = YES;
				CLANG_WARN_DEPRECATED_OBJC_IMPLEMENTATIONS = YES;
				CLANG_WARN_DIRECT_OBJC_ISA_USAGE = YES_ERROR;
				CLANG_WARN_DOCUMENTATION_COMMENTS = YES;
				CLANG_WARN_EMPTY_BODY = YES;
				CLANG_WARN_ENUM_CONVERSION = YES;
				CLANG_WARN_INFINITE_RECURSION = YES;
				CLANG_WARN_INT_CONVERSION = YES;
				CLANG_WARN_NON_LITERAL_NULL_CONVERSION = YES;
				CLANG_WARN_OBJC_IMPLICIT_RETAIN_SELF = YES;
				CLANG_WARN_OBJC_LITERAL_CONVERSION = YES;
				CLANG_WARN_OBJC_ROOT_CLASS = YES_ERROR;
				CLANG_WARN_QUOTED_INCLUDE_IN_FRAMEWORK_HEADER = YES;
				CLANG_WARN_RANGE_LOOP_ANALYSIS = YES;
				CLANG_WARN_STRICT_PROTOTYPES = YES;
				CLANG_WARN_SUSPICIOUS_MOVE = YES;
				CLANG_WARN_UNGUARDED_AVAILABILITY = YES_AGGRESSIVE;
				CLANG_WARN_UNREACHABLE_CODE = YES;
				CLANG_WARN__DUPLICATE_METHOD_MATCH = YES;
				COPY_PHASE_STRIP = NO;
				DEAD_CODE_STRIPPING = YES;
				DEBUG_INFORMATION_FORMAT = dwarf;
				DEVELOPMENT_TEAM = 6YXB9ASQXU;
				ENABLE_STRICT_OBJC_MSGSEND = YES;
				ENABLE_TESTABILITY = YES;
				ENABLE_USER_SCRIPT_SANDBOXING = YES;
				GCC_C_LANGUAGE_STANDARD = gnu17;
				GCC_DYNAMIC_NO_PIC = NO;
				GCC_NO_COMMON_BLOCKS = YES;
				GCC_OPTIMIZATION_LEVEL = 0;
				GCC_PREPROCESSOR_DEFINITIONS = (
					"DEBUG=1",
					"$(inherited)",
				);
				GCC_WARN_64_TO_32_BIT_CONVERSION = YES;
				GCC_WARN_ABOUT_RETURN_TYPE = YES_ERROR;
				GCC_WARN_UNDECLARED_SELECTOR = YES;
				GCC_WARN_UNINITIALIZED_AUTOS = YES_AGGRESSIVE;
				GCC_WARN_UNUSED_FUNCTION = YES;
				GCC_WARN_UNUSED_VARIABLE = YES;
				LOCALIZATION_PREFERS_STRING_CATALOGS = YES;
				MACOSX_DEPLOYMENT_TARGET = 26.2;
				MTL_ENABLE_DEBUG_INFO = INCLUDE_SOURCE;
				MTL_FAST_MATH = YES;
				ONLY_ACTIVE_ARCH = YES;
				SDKROOT = macosx;
				STRING_CATALOG_GENERATE_SYMBOLS = YES;
				SWIFT_ACTIVE_COMPILATION_CONDITIONS = "DEBUG $(inherited)";
				SWIFT_OPTIMIZATION_LEVEL = "-Onone";
			};
			name = Debug;
		};
		5F64DF3C2F5F09F000608D26 /* Release */ = {
			isa = XCBuildConfiguration;
			buildSettings = {
				ALWAYS_SEARCH_USER_PATHS = NO;
				ASSETCATALOG_COMPILER_GENERATE_SWIFT_ASSET_SYMBOL_EXTENSIONS = YES;
				CLANG_ANALYZER_LOCALIZABILITY_NONLOCALIZED = YES;
				CLANG_ANALYZER_NONNULL = YES;
				CLANG_ANALYZER_NUMBER_OBJECT_CONVERSION = YES_AGGRESSIVE;
				CLANG_CXX_LANGUAGE_STANDARD = "gnu++20";
				CLANG_ENABLE_MODULES = YES;
				CLANG_ENABLE_OBJC_ARC = YES;
				CLANG_ENABLE_OBJC_WEAK = YES;
				CLANG_WARN_BLOCK_CAPTURE_AUTORELEASING = YES;
				CLANG_WARN_BOOL_CONVERSION = YES;
				CLANG_WARN_COMMA = YES;
				CLANG_WARN_CONSTANT_CONVERSION = YES;
				CLANG_WARN_DEPRECATED_OBJC_IMPLEMENTATIONS = YES;
				CLANG_WARN_DIRECT_OBJC_ISA_USAGE = YES_ERROR;
				CLANG_WARN_DOCUMENTATION_COMMENTS = YES;
				CLANG_WARN_EMPTY_BODY = YES;
				CLANG_WARN_ENUM_CONVERSION = YES;
				CLANG_WARN_INFINITE_RECURSION = YES;
				CLANG_WARN_INT_CONVERSION = YES;
				CLANG_WARN_NON_LITERAL_NULL_CONVERSION = YES;
				CLANG_WARN_OBJC_IMPLICIT_RETAIN_SELF = YES;
				CLANG_WARN_OBJC_LITERAL_CONVERSION = YES;
				CLANG_WARN_OBJC_ROOT_CLASS = YES_ERROR;
				CLANG_WARN_QUOTED_INCLUDE_IN_FRAMEWORK_HEADER = YES;
				CLANG_WARN_RANGE_LOOP_ANALYSIS = YES;
				CLANG_WARN_STRICT_PROTOTYPES = YES;
				CLANG_WARN_SUSPICIOUS_MOVE = YES;
				CLANG_WARN_UNGUARDED_AVAILABILITY = YES_AGGRESSIVE;
				CLANG_WARN_UNREACHABLE_CODE = YES;
				CLANG_WARN__DUPLICATE_METHOD_MATCH = YES;
				COPY_PHASE_STRIP = NO;
				DEAD_CODE_STRIPPING = YES;
				DEBUG_INFORMATION_FORMAT = "dwarf-with-dsym";
				DEVELOPMENT_TEAM = 6YXB9ASQXU;
				ENABLE_NS_ASSERTIONS = NO;
				ENABLE_STRICT_OBJC_MSGSEND = YES;
				ENABLE_USER_SCRIPT_SANDBOXING = YES;
				GCC_C_LANGUAGE_STANDARD = gnu17;
				GCC_NO_COMMON_BLOCKS = YES;
				GCC_WARN_64_TO_32_BIT_CONVERSION = YES;
				GCC_WARN_ABOUT_RETURN_TYPE = YES_ERROR;
				GCC_WARN_UNDECLARED_SELECTOR = YES;
				GCC_WARN_UNINITIALIZED_AUTOS = YES_AGGRESSIVE;
				GCC_WARN_UNUSED_FUNCTION = YES;
				GCC_WARN_UNUSED_VARIABLE = YES;
				LOCALIZATION_PREFERS_STRING_CATALOGS = YES;
				MACOSX_DEPLOYMENT_TARGET = 26.2;
				MTL_ENABLE_DEBUG_INFO = NO;
				MTL_FAST_MATH = YES;
				SDKROOT = macosx;
				STRING_CATALOG_GENERATE_SYMBOLS = YES;
				SWIFT_COMPILATION_MODE = wholemodule;
			};
			name = Release;
		};
		5F64DF3E2F5F09F000608D26 /* Debug */ = {
			isa = XCBuildConfiguration;
			buildSettings = {
				ASSETCATALOG_COMPILER_APPICON_NAME = AppIcon;
				ASSETCATALOG_COMPILER_GLOBAL_ACCENT_COLOR_NAME = AccentColor;
				ASSETCATALOG_COMPILER_INCLUDE_ALL_APPICON_ASSETS = YES;
				CODE_SIGN_ENTITLEMENTS = clipaste/clipaste.entitlements;
				"CODE_SIGN_IDENTITY[sdk=macosx*]" = "-";
				CODE_SIGN_STYLE = Manual;
				COMBINE_HIDPI_IMAGES = YES;
				CURRENT_PROJECT_VERSION = 20106;
				DEAD_CODE_STRIPPING = YES;
				DEVELOPMENT_TEAM = "";
				ENABLE_APP_SANDBOX = YES;
				ENABLE_HARDENED_RUNTIME = YES;
				ENABLE_INCOMING_NETWORK_CONNECTIONS = YES;
				ENABLE_OUTGOING_NETWORK_CONNECTIONS = YES;
				ENABLE_PREVIEWS = YES;
				ENABLE_RESOURCE_ACCESS_AUDIO_INPUT = NO;
				ENABLE_RESOURCE_ACCESS_BLUETOOTH = NO;
				ENABLE_RESOURCE_ACCESS_CALENDARS = NO;
				ENABLE_RESOURCE_ACCESS_CAMERA = NO;
				ENABLE_RESOURCE_ACCESS_CONTACTS = NO;
				ENABLE_RESOURCE_ACCESS_LOCATION = NO;
				ENABLE_RESOURCE_ACCESS_PRINTING = NO;
				ENABLE_RESOURCE_ACCESS_USB = NO;
				ENABLE_USER_SELECTED_FILES = readwrite;
				GENERATE_INFOPLIST_FILE = NO;
				INFOPLIST_FILE = "clipaste-Info.plist";
				INFOPLIST_KEY_CFBundleDisplayName = Clipaste;
				INFOPLIST_KEY_LSApplicationCategoryType = "public.app-category.utilities";
				LD_RUNPATH_SEARCH_PATHS = (
					"$(inherited)",
					"@executable_path/../Frameworks",
				);
				MACOSX_DEPLOYMENT_TARGET = 14.0;
				MARKETING_VERSION = 2.1.6;
				PRODUCT_BUNDLE_IDENTIFIER = com.gangz1o.clipaste;
				PRODUCT_NAME = Clipaste;
				REGISTER_APP_GROUPS = YES;
				STRING_CATALOG_GENERATE_SYMBOLS = YES;
				SWIFT_APPROACHABLE_CONCURRENCY = YES;
				SWIFT_DEFAULT_ACTOR_ISOLATION = MainActor;
				SWIFT_EMIT_LOC_STRINGS = YES;
				SWIFT_UPCOMING_FEATURE_MEMBER_IMPORT_VISIBILITY = YES;
				SWIFT_VERSION = 5.0;
			};
			name = Debug;
		};
		5F64DF3F2F5F09F000608D26 /* Release */ = {
			isa = XCBuildConfiguration;
			buildSettings = {
				ASSETCATALOG_COMPILER_APPICON_NAME = AppIcon;
				ASSETCATALOG_COMPILER_GLOBAL_ACCENT_COLOR_NAME = AccentColor;
				ASSETCATALOG_COMPILER_INCLUDE_ALL_APPICON_ASSETS = YES;
				CODE_SIGN_ENTITLEMENTS = "clipaste/clipaste-release.entitlements";
				"CODE_SIGN_IDENTITY[sdk=macosx*]" = "-";
				CODE_SIGN_STYLE = Manual;
				COMBINE_HIDPI_IMAGES = YES;
				CURRENT_PROJECT_VERSION = 20106;
				DEAD_CODE_STRIPPING = YES;
				DEVELOPMENT_TEAM = "";
				ENABLE_APP_SANDBOX = YES;
				ENABLE_HARDENED_RUNTIME = YES;
				ENABLE_INCOMING_NETWORK_CONNECTIONS = YES;
				ENABLE_OUTGOING_NETWORK_CONNECTIONS = YES;
				ENABLE_PREVIEWS = YES;
				ENABLE_RESOURCE_ACCESS_AUDIO_INPUT = NO;
				ENABLE_RESOURCE_ACCESS_BLUETOOTH = NO;
				ENABLE_RESOURCE_ACCESS_CALENDARS = NO;
				ENABLE_RESOURCE_ACCESS_CAMERA = NO;
				ENABLE_RESOURCE_ACCESS_CONTACTS = NO;
				ENABLE_RESOURCE_ACCESS_LOCATION = NO;
				ENABLE_RESOURCE_ACCESS_PRINTING = NO;
				ENABLE_RESOURCE_ACCESS_USB = NO;
				ENABLE_USER_SELECTED_FILES = readwrite;
				GENERATE_INFOPLIST_FILE = NO;
				INFOPLIST_FILE = "clipaste-Info.plist";
				INFOPLIST_KEY_CFBundleDisplayName = Clipaste;
				INFOPLIST_KEY_LSApplicationCategoryType = "public.app-category.utilities";
				LD_RUNPATH_SEARCH_PATHS = (
					"$(inherited)",
					"@executable_path/../Frameworks",
				);
				MACOSX_DEPLOYMENT_TARGET = 14.0;
				MARKETING_VERSION = 2.1.6;
				PRODUCT_BUNDLE_IDENTIFIER = com.gangz1o.clipaste;
				PRODUCT_NAME = Clipaste;
				PROVISIONING_PROFILE_SPECIFIER = "$(CLIPASTE_RELEASE_PROFILE_SPECIFIER)";
				REGISTER_APP_GROUPS = YES;
				STRING_CATALOG_GENERATE_SYMBOLS = YES;
				SWIFT_APPROACHABLE_CONCURRENCY = YES;
				SWIFT_DEFAULT_ACTOR_ISOLATION = MainActor;
				SWIFT_EMIT_LOC_STRINGS = YES;
				SWIFT_UPCOMING_FEATURE_MEMBER_IMPORT_VISIBILITY = YES;
				SWIFT_VERSION = 5.0;
			};
			name = Release;
		};
/* End XCBuildConfiguration section */

/* Begin XCConfigurationList section */
		5F64DF2B2F5F09EF00608D26 /* Build configuration list for PBXProject "clipaste" */ = {
			isa = XCConfigurationList;
			buildConfigurations = (
				5F64DF3B2F5F09F000608D26 /* Debug */,
				5F64DF3C2F5F09F000608D26 /* Release */,
			);
			defaultConfigurationIsVisible = 0;
			defaultConfigurationName = Release;
		};
		5F64DF3D2F5F09F000608D26 /* Build configuration list for PBXNativeTarget "Clipaste" */ = {
			isa = XCConfigurationList;
			buildConfigurations = (
				5F64DF3E2F5F09F000608D26 /* Debug */,
				5F64DF3F2F5F09F000608D26 /* Release */,
			);
			defaultConfigurationIsVisible = 0;
			defaultConfigurationName = Release;
		};
/* End XCConfigurationList section */

/* Begin XCRemoteSwiftPackageReference section */
		5F3655452F65A05C00329A7D /* XCRemoteSwiftPackageReference "Highlightr" */ = {
			isa = XCRemoteSwiftPackageReference;
			repositoryURL = "https://github.com/raspu/Highlightr";
			requirement = {
				kind = upToNextMajorVersion;
				minimumVersion = 2.3.0;
			};
		};
		5F64DF512F5F0C5900608D26 /* XCRemoteSwiftPackageReference "KeyboardShortcuts" */ = {
			isa = XCRemoteSwiftPackageReference;
			repositoryURL = "https://github.com/sindresorhus/KeyboardShortcuts";
			requirement = {
				kind = upToNextMajorVersion;
				minimumVersion = 2.4.0;
			};
		};
		6A1C7B0D34D24A8A00A1B2C3 /* XCRemoteSwiftPackageReference "Sparkle" */ = {
			isa = XCRemoteSwiftPackageReference;
			repositoryURL = "https://github.com/sparkle-project/Sparkle";
			requirement = {
				kind = upToNextMajorVersion;
				minimumVersion = 2.9.1;
			};
		};
/* End XCRemoteSwiftPackageReference section */

/* Begin XCSwiftPackageProductDependency section */
		5F3655462F65A05C00329A7D /* Highlightr */ = {
			isa = XCSwiftPackageProductDependency;
			package = 5F3655452F65A05C00329A7D /* XCRemoteSwiftPackageReference "Highlightr" */;
			productName = Highlightr;
		};
		5F64DF522F5F0C5900608D26 /* KeyboardShortcuts */ = {
			isa = XCSwiftPackageProductDependency;
			package = 5F64DF512F5F0C5900608D26 /* XCRemoteSwiftPackageReference "KeyboardShortcuts" */;
			productName = KeyboardShortcuts;
		};
		6A1C7B0E34D24A8A00A1B2C3 /* Sparkle */ = {
			isa = XCSwiftPackageProductDependency;
			package = 6A1C7B0D34D24A8A00A1B2C3 /* XCRemoteSwiftPackageReference "Sparkle" */;
			productName = Sparkle;
		};
/* End XCSwiftPackageProductDependency section */
	};
	rootObject = 5F64DF282F5F09EF00608D26 /* Project object */;
}
